
Microsoft Visual Studio Solution File, Format Version 12.00
# Visual Studio 15
Project("{FAE04EC0-301F-11D3-BF4B-00C04F79EFBC}") = "Assembly-CSharp", "Assembly-CSharp.csproj", "{BD2B161B-30AD-DE54-EC63-4555B648DEEB}"
EndProject
Project("{FAE04EC0-301F-11D3-BF4B-00C04F79EFBC}") = "NavMeshComponents", "NavMeshComponents.csproj", "{35681E3B-4A29-45D6-1ECE-6FE43467AE28}"
EndProject
Project("{FAE04EC0-301F-11D3-BF4B-00C04F79EFBC}") = "NavMeshComponentsEditor", "NavMeshComponentsEditor.csproj", "{F763B5D3-2DC2-F002-1999-D71386CE2217}"
EndProject
Global
	GlobalSection(SolutionConfigurationPlatforms) = preSolution
		Debug|Any CPU = Debug|Any CPU
		Release|Any CPU = Release|Any CPU
	EndGlobalSection
	GlobalSection(ProjectConfigurationPlatforms) = postSolution
		{BD2B161B-30AD-DE54-EC63-4555B648DEEB}.Debug|Any CPU.ActiveCfg = Debug|Any CPU
		{BD2B161B-30AD-DE54-EC63-4555B648DEEB}.Debug|Any CPU.Build.0 = Debug|Any CPU
		{BD2B161B-30AD-DE54-EC63-4555B648DEEB}.Release|Any CPU.ActiveCfg = Release|Any CPU
		{BD2B161B-30AD-DE54-EC63-4555B648DEEB}.Release|Any CPU.Build.0 = Release|Any CPU
		{35681E3B-4A29-45D6-1ECE-6FE43467AE28}.Debug|Any CPU.ActiveCfg = Debug|Any CPU
		{35681E3B-4A29-45D6-1ECE-6FE43467AE28}.Debug|Any CPU.Build.0 = Debug|Any CPU
		{35681E3B-4A29-45D6-1ECE-6FE43467AE28}.Release|Any CPU.ActiveCfg = Release|Any CPU
		{35681E3B-4A29-45D6-1ECE-6FE43467AE28}.Release|Any CPU.Build.0 = Release|Any CPU
		{F763B5D3-2DC2-F002-1999-D71386CE2217}.Debug|Any CPU.ActiveCfg = Debug|Any CPU
		{F763B5D3-2DC2-F002-1999-D71386CE2217}.Debug|Any CPU.Build.0 = Debug|Any CPU
		{F763B5D3-2DC2-F002-1999-D71386CE2217}.Release|Any CPU.ActiveCfg = Release|Any CPU
		{F763B5D3-2DC2-F002-1999-D71386CE2217}.Release|Any CPU.Build.0 = Release|Any CPU
	EndGlobalSection
	GlobalSection(SolutionProperties) = preSolution
		HideSolutionNode = FALSE
	EndGlobalSection
EndGlobal
